<?xml version="1.0" encoding="utf-8"?>
<Project ToolsVersion="4.0" xmlns="http://schemas.microsoft.com/developer/msbuild/2003">
  <ItemGroup>
    <Filter Include="소스 파일">
      <UniqueIdentifier>{4FC737F1-C7A5-4376-A066-2A32D752A2FF}</UniqueIdentifier>
      <Extensions>cpp;c;cc;cxx;c++;cppm;ixx;def;odl;idl;hpj;bat;asm;asmx</Extensions>
    </Filter>
    <Filter Include="헤더 파일">
      <UniqueIdentifier>{93995380-89BD-4b04-88EB-625FBE52EBFB}</UniqueIdentifier>
      <Extensions>h;hh;hpp;hxx;h++;hm;inl;inc;ipp;xsd</Extensions>
    </Filter>
    <Filter Include="리소스 파일">
      <UniqueIdentifier>{67DA6AB6-F800-4c08-8B7A-83BB121AAD01}</UniqueIdentifier>
      <Extensions>rc;ico;cur;bmp;dlg;rc2;rct;bin;rgs;gif;jpg;jpeg;jpe;resx;tiff;tif;png;wav;mfcribbon-ms</Extensions>
    </Filter>
    <Filter Include="소스 파일\CopyFiles">
      <UniqueIdentifier>{34429b75-7dc8-4475-a993-d61a35503386}</UniqueIdentifier>
    </Filter>
    <Filter Include="소스 파일\Example">
      <UniqueIdentifier>{6bc7ffe8-9716-427b-83c7-fcbdc146478c}</UniqueIdentifier>
    </Filter>
    <Filter Include="소스 파일\Example\Chapter03">
      <UniqueIdentifier>{377681ae-beb6-4c8f-b8d0-9431e08ad861}</UniqueIdentifier>
    </Filter>
    <Filter Include="소스 파일\Example\Chapter10">
      <UniqueIdentifier>{7b109684-ad98-454e-9843-6b6deb9e31f2}</UniqueIdentifier>
    </Filter>
    <Filter Include="소스 파일\Example\Chapter11">
      <UniqueIdentifier>{2cd9f45e-cf16-422e-bff7-8595d4a6d17f}</UniqueIdentifier>
    </Filter>
    <Filter Include="소스 파일\Example\Chapter12">
      <UniqueIdentifier>{fa133ef6-8765-4610-9e9d-77acacbb7cb2}</UniqueIdentifier>
    </Filter>
  </ItemGroup>
  <ItemGroup>
    <ClCompile Include="CopyFiles.cpp">
      <Filter>소스 파일\CopyFiles</Filter>
    </ClCompile>
    <ClCompile Include="AddressToString.cpp">
      <Filter>소스 파일\Example\Chapter03</Filter>
    </ClCompile>
    <ClCompile Include="Endian_Conv.cpp">
      <Filter>소스 파일\Example\Chapter03</Filter>
    </ClCompile>
    <ClCompile Include="Internet_Address_Init_Client.cpp">
      <Filter>소스 파일\Example\Chapter03</Filter>
    </ClCompile>
    <ClCompile Include="Internet_Address_Init_Server.cpp">
      <Filter>소스 파일\Example\Chapter03</Filter>
    </ClCompile>
    <ClCompile Include="Socket_Bind_Internet_Address.cpp">
      <Filter>소스 파일\Example\Chapter03</Filter>
    </ClCompile>
    <ClCompile Include="StringToAddress.cpp">
      <Filter>소스 파일\Example\Chapter03</Filter>
    </ClCompile>
    <ClCompile Include="String_Address_Trans_WSA.cpp">
      <Filter>소스 파일\Example\Chapter03</Filter>
    </ClCompile>
    <ClCompile Include="Fork.cpp">
      <Filter>소스 파일\Example\Chapter10</Filter>
    </ClCompile>
    <ClCompile Include="Zombie.cpp">
      <Filter>소스 파일\Example\Chapter10</Filter>
    </ClCompile>
    <ClCompile Include="Wait.cpp">
      <Filter>소스 파일\Example\Chapter10</Filter>
    </ClCompile>
    <ClCompile Include="Wait_PID.cpp">
      <Filter>소스 파일\Example\Chapter10</Filter>
    </ClCompile>
    <ClCompile Include="Signal.cpp">
      <Filter>소스 파일\Example\Chapter10</Filter>
    </ClCompile>
    <ClCompile Include="SigAction.cpp">
      <Filter>소스 파일\Example\Chapter10</Filter>
    </ClCompile>
    <ClCompile Include="Remove_Zombie.cpp">
      <Filter>소스 파일\Example\Chapter10</Filter>
    </ClCompile>
    <ClCompile Include="Forked_Process_Fd_Equal_Original_Process_Fd.cpp">
      <Filter>소스 파일\Example\Chapter10</Filter>
    </ClCompile>
    <ClCompile Include="Ctrl_C_Program.cpp">
      <Filter>소스 파일\Example\Chapter10</Filter>
    </ClCompile>
    <ClCompile Include="IPC_PIPE_Send_And_Recv.cpp">
      <Filter>소스 파일\Example\Chapter11</Filter>
    </ClCompile>
    <ClCompile Include="One_pipe_One_Way_Communication.cpp">
      <Filter>소스 파일\Example\Chapter11</Filter>
    </ClCompile>
    <ClCompile Include="One_Pipe_Two_Way_Communication.cpp">
      <Filter>소스 파일\Example\Chapter11</Filter>
    </ClCompile>
    <ClCompile Include="Two_Pipe_Two_Way_Communication.cpp">
      <Filter>소스 파일\Example\Chapter11</Filter>
    </ClCompile>
    <ClCompile Include="Select.cpp">
      <Filter>소스 파일\Example\Chapter12</Filter>
    </ClCompile>
  </ItemGroup>
</Project>