<?xml version="1.0" encoding="utf-8"?>
<Project ToolsVersion="4.0" xmlns="http://schemas.microsoft.com/developer/msbuild/2003">
  <ItemGroup>
    <Filter Include="소스 파일">
      <UniqueIdentifier>{4FC737F1-C7A5-4376-A066-2A32D752A2FF}</UniqueIdentifier>
      <Extensions>cpp;c;cc;cxx;c++;cppm;ixx;def;odl;idl;hpj;bat;asm;asmx</Extensions>
    </Filter>
    <Filter Include="헤더 파일">
      <UniqueIdentifier>{93995380-89BD-4b04-88EB-625FBE52EBFB}</UniqueIdentifier>
      <Extensions>h;hh;hpp;hxx;h++;hm;inl;inc;ipp;xsd</Extensions>
    </Filter>
    <Filter Include="리소스 파일">
      <UniqueIdentifier>{67DA6AB6-F800-4c08-8B7A-83BB121AAD01}</UniqueIdentifier>
      <Extensions>rc;ico;cur;bmp;dlg;rc2;rct;bin;rgs;gif;jpg;jpeg;jpe;resx;tiff;tif;png;wav;mfcribbon-ms</Extensions>
    </Filter>
  </ItemGroup>
  <ItemGroup>
    <ClCompile Include="Hello_Server.cpp">
      <Filter>소스 파일</Filter>
    </ClCompile>
    <ClCompile Include="TCP_Server_v1.cpp">
      <Filter>소스 파일</Filter>
    </ClCompile>
    <ClCompile Include="TCP_IO_Server.cpp">
      <Filter>소스 파일</Filter>
    </ClCompile>
    <ClCompile Include="Echo_Server.cpp">
      <Filter>소스 파일</Filter>
    </ClCompile>
    <ClCompile Include="Calculator_Server.cpp">
      <Filter>소스 파일</Filter>
    </ClCompile>
    <ClCompile Include="Iterative_Hello_Server.cpp">
      <Filter>소스 파일</Filter>
    </ClCompile>
    <ClCompile Include="..\ClientTest\TCP_Server_v2.cpp">
      <Filter>소스 파일</Filter>
    </ClCompile>
    <ClCompile Include="..\ServerTest\FileSend_Server.cpp">
      <Filter>소스 파일</Filter>
    </ClCompile>
    <ClCompile Include="..\ServerTest\UDP_Echo_Server.cpp">
      <Filter>소스 파일</Filter>
    </ClCompile>
    <ClCompile Include="..\ServerTest\UDP_Chatting_Server.cpp">
      <Filter>소스 파일</Filter>
    </ClCompile>
    <ClCompile Include="..\ServerTest\Message_Save_Echo_Server.cpp">
      <Filter>소스 파일</Filter>
    </ClCompile>
    <ClCompile Include="Echo_Multiplexing_Server.cpp">
      <Filter>소스 파일</Filter>
    </ClCompile>
    <ClCompile Include="Echo_Multiplexing_Server_Win.cpp">
      <Filter>소스 파일</Filter>
    </ClCompile>
    <ClCompile Include="Echo_MultiProcess_Server.cpp">
      <Filter>소스 파일</Filter>
    </ClCompile>
    <ClCompile Include="Multiplexing_Chatting_Server.cpp">
      <Filter>소스 파일</Filter>
    </ClCompile>
  </ItemGroup>
</Project>